
Microsoft Visual Studio Solution File, Format Version 12.00
# Visual Studio 15
VisualStudioVersion = 15.0.26228.12
MinimumVisualStudioVersion = 10.0.40219.1
Project("{FAE04EC0-301F-11D3-BF4B-00C04F79EFBC}") = "Azure.Performance.Common", "..\Common\Azure.Performance.Common.csproj", "{495273CE-50A9-46E0-B435-A85E278C610A}"
EndProject
Project("{A07B5EB6-E848-4116-A8D0-A826331D98C6}") = "TelemetryApp", "TelemetryApp\TelemetryApp.sfproj", "{F7C8F95C-0308-43FB-9E63-1B5A8F55BE42}"
EndProject
Project("{FAE04EC0-301F-11D3-BF4B-00C04F79EFBC}") = "TelemetrySvc", "TelemetrySvc\TelemetrySvc.csproj", "{D684058E-FFF5-49C8-BF64-8660C94CE256}"
EndProject
Global
	GlobalSection(SolutionConfigurationPlatforms) = preSolution
		Debug|x64 = Debug|x64
		Release|x64 = Release|x64
	EndGlobalSection
	GlobalSection(ProjectConfigurationPlatforms) = postSolution
		{495273CE-50A9-46E0-B435-A85E278C610A}.Debug|x64.ActiveCfg = Debug|x64
		{495273CE-50A9-46E0-B435-A85E278C610A}.Debug|x64.Build.0 = Debug|x64
		{495273CE-50A9-46E0-B435-A85E278C610A}.Release|x64.ActiveCfg = Release|x64
		{495273CE-50A9-46E0-B435-A85E278C610A}.Release|x64.Build.0 = Release|x64
		{F7C8F95C-0308-43FB-9E63-1B5A8F55BE42}.Debug|x64.ActiveCfg = Debug|x64
		{F7C8F95C-0308-43FB-9E63-1B5A8F55BE42}.Debug|x64.Build.0 = Debug|x64
		{F7C8F95C-0308-43FB-9E63-1B5A8F55BE42}.Debug|x64.Deploy.0 = Debug|x64
		{F7C8F95C-0308-43FB-9E63-1B5A8F55BE42}.Release|x64.ActiveCfg = Release|x64
		{F7C8F95C-0308-43FB-9E63-1B5A8F55BE42}.Release|x64.Build.0 = Release|x64
		{F7C8F95C-0308-43FB-9E63-1B5A8F55BE42}.Release|x64.Deploy.0 = Release|x64
		{D684058E-FFF5-49C8-BF64-8660C94CE256}.Debug|x64.ActiveCfg = Debug|x64
		{D684058E-FFF5-49C8-BF64-8660C94CE256}.Debug|x64.Build.0 = Debug|x64
		{D684058E-FFF5-49C8-BF64-8660C94CE256}.Release|x64.ActiveCfg = Release|x64
		{D684058E-FFF5-49C8-BF64-8660C94CE256}.Release|x64.Build.0 = Release|x64
	EndGlobalSection
	GlobalSection(SolutionProperties) = preSolution
		HideSolutionNode = FALSE
	EndGlobalSection
EndGlobal
