
Microsoft Visual Studio Solution File, Format Version 12.00
# Visual Studio 15
VisualStudioVersion = 15.0.27004.2010
MinimumVisualStudioVersion = 10.0.40219.1
Project("{2150E333-8FDC-42A3-9474-1A3956D46DE8}") = "Common", "Common", "{E2697F9D-9050-438F-8F82-B6FC0D948A68}"
EndProject
Project("{FAE04EC0-301F-11D3-BF4B-00C04F79EFBC}") = "Azure.Performance.Common", "..\Common\Azure.Performance.Common.csproj", "{495273CE-50A9-46E0-B435-A85E278C610A}"
EndProject
Project("{FAE04EC0-301F-11D3-BF4B-00C04F79EFBC}") = "Latency.Common", "Common\Latency.Common\Latency.Common.csproj", "{BA51834B-3ED5-43C6-B3FB-D387D72732BC}"
EndProject
Project("{FAE04EC0-301F-11D3-BF4B-00C04F79EFBC}") = "Latency.Console", "Common\Latency.Console\Latency.Console.csproj", "{69FD3AF3-E1EE-4158-AADD-C191ABB59D7D}"
EndProject
Project("{2150E333-8FDC-42A3-9474-1A3956D46DE8}") = "DocumentDB", "DocumentDB", "{1DFC71FD-1AAF-4DFC-B2AE-77D2FD14AB63}"
EndProject
Project("{A07B5EB6-E848-4116-A8D0-A826331D98C6}") = "Latency.DocumentDB", "DocumentDB\Latency.DocumentDB\Latency.DocumentDB.sfproj", "{F7E8AA52-3E51-4A99-A2FA-29DD57B090A4}"
EndProject
Project("{FAE04EC0-301F-11D3-BF4B-00C04F79EFBC}") = "Latency.DocumentDbSvc", "DocumentDB\Latency.DocumentDbSvc\Latency.DocumentDbSvc.csproj", "{6A7CFD1D-5746-4E0A-801A-273012F08DC1}"
EndProject
Project("{2150E333-8FDC-42A3-9474-1A3956D46DE8}") = "EventHub", "EventHub", "{7FAFDEF8-E940-4AF3-BE6D-4D8837AB5532}"
EndProject
Project("{A07B5EB6-E848-4116-A8D0-A826331D98C6}") = "Latency.EventHub", "EventHub\Latency.EventHub\Latency.EventHub.sfproj", "{08CD16E7-D5DF-4CFA-B841-83D5711B3705}"
EndProject
Project("{FAE04EC0-301F-11D3-BF4B-00C04F79EFBC}") = "Latency.EventHubSvc", "EventHub\Latency.EventHubSvc\Latency.EventHubSvc.csproj", "{54B74630-9CC6-4E2B-8E3E-AE2C344A0E93}"
EndProject
Project("{2150E333-8FDC-42A3-9474-1A3956D46DE8}") = "Redis", "Redis", "{EC17B2E5-25C5-448C-9666-38CD1237AD4E}"
EndProject
Project("{A07B5EB6-E848-4116-A8D0-A826331D98C6}") = "Latency.Redis", "Redis\Latency.Redis\Latency.Redis.sfproj", "{CCC708D4-A277-4984-A3BD-913D846C19FD}"
EndProject
Project("{FAE04EC0-301F-11D3-BF4B-00C04F79EFBC}") = "Latency.RedisSvc", "Redis\Latency.RedisSvc\Latency.RedisSvc.csproj", "{375594D6-87A6-494C-8BFC-BD0C53D96F41}"
EndProject
Project("{2150E333-8FDC-42A3-9474-1A3956D46DE8}") = "ServiceFabric", "ServiceFabric", "{AC513EE0-5935-4578-A7E9-4BE5D28F3843}"
EndProject
Project("{A07B5EB6-E848-4116-A8D0-A826331D98C6}") = "Latency.App", "ServiceFabric\Latency.App\Latency.App.sfproj", "{677C93E2-6088-4D49-BF21-1BAD2A6F5BAF}"
EndProject
Project("{FAE04EC0-301F-11D3-BF4B-00C04F79EFBC}") = "Latency.DictionarySvc", "ServiceFabric\Latency.DictionarySvc\Latency.DictionarySvc.csproj", "{E7D8F7CC-E5CA-43F1-9CFF-61FDB67E24DD}"
EndProject
Project("{FAE04EC0-301F-11D3-BF4B-00C04F79EFBC}") = "Latency.QueueSvc", "ServiceFabric\Latency.QueueSvc\Latency.QueueSvc.csproj", "{18565709-9819-4F6F-8D6E-87D3BCEA349E}"
EndProject
Project("{FAE04EC0-301F-11D3-BF4B-00C04F79EFBC}") = "Latency.StatefulActor", "ServiceFabric\Latency.StatefulActor\Latency.StatefulActor.csproj", "{C10C111B-F080-4301-BD76-F344372ECC1A}"
EndProject
Project("{FAE04EC0-301F-11D3-BF4B-00C04F79EFBC}") = "Latency.StatefulSvc", "ServiceFabric\Latency.StatefulSvc\Latency.StatefulSvc.csproj", "{21B78475-D4A1-4D0F-AF0B-068D2CC4902F}"
EndProject
Project("{FAE04EC0-301F-11D3-BF4B-00C04F79EFBC}") = "Latency.StatelessActor", "ServiceFabric\Latency.StatelessActor\Latency.StatelessActor.csproj", "{C08434F0-3592-4780-B7B2-175C5858A34B}"
EndProject
Project("{FAE04EC0-301F-11D3-BF4B-00C04F79EFBC}") = "Latency.StatelessSvc", "ServiceFabric\Latency.StatelessSvc\Latency.StatelessSvc.csproj", "{638DEFEC-97AF-4069-A640-120D6FBE3804}"
EndProject
Project("{2150E333-8FDC-42A3-9474-1A3956D46DE8}") = "SQL", "SQL", "{FB453109-CE17-416D-9F52-5FD8B244D3AC}"
EndProject
Project("{A07B5EB6-E848-4116-A8D0-A826331D98C6}") = "Latency.SQL", "SQL\Latency.SQL\Latency.SQL.sfproj", "{51C88FA3-C0A1-4A08-B9F5-EEB24365337E}"
EndProject
Project("{FAE04EC0-301F-11D3-BF4B-00C04F79EFBC}") = "Latency.SqlSvc", "SQL\Latency.SqlSvc\Latency.SqlSvc.csproj", "{D9116234-C189-4235-B30F-241C21961081}"
EndProject
Project("{2150E333-8FDC-42A3-9474-1A3956D46DE8}") = "Storage", "Storage", "{7E93F627-83DB-47ED-B5F4-451B281B647B}"
EndProject
Project("{FAE04EC0-301F-11D3-BF4B-00C04F79EFBC}") = "Latency.BlobSvc", "Storage\Latency.BlobSvc\Latency.BlobSvc.csproj", "{03D4A5B0-3EE4-4350-886E-BD856008DC5E}"
EndProject
Project("{A07B5EB6-E848-4116-A8D0-A826331D98C6}") = "Latency.Storage", "Storage\Latency.Storage\Latency.Storage.sfproj", "{69399D51-9023-4310-AD2E-23A3852F2982}"
EndProject
Project("{FAE04EC0-301F-11D3-BF4B-00C04F79EFBC}") = "Latency.TableSvc", "Storage\Latency.TableSvc\Latency.TableSvc.csproj", "{383495C2-250D-47C4-8235-CFF111B00316}"
EndProject
Global
	GlobalSection(SolutionConfigurationPlatforms) = preSolution
		Debug|x64 = Debug|x64
		Release|x64 = Release|x64
	EndGlobalSection
	GlobalSection(ProjectConfigurationPlatforms) = postSolution
		{495273CE-50A9-46E0-B435-A85E278C610A}.Debug|x64.ActiveCfg = Debug|x64
		{495273CE-50A9-46E0-B435-A85E278C610A}.Debug|x64.Build.0 = Debug|x64
		{495273CE-50A9-46E0-B435-A85E278C610A}.Release|x64.ActiveCfg = Release|x64
		{495273CE-50A9-46E0-B435-A85E278C610A}.Release|x64.Build.0 = Release|x64
		{BA51834B-3ED5-43C6-B3FB-D387D72732BC}.Debug|x64.ActiveCfg = Debug|x64
		{BA51834B-3ED5-43C6-B3FB-D387D72732BC}.Debug|x64.Build.0 = Debug|x64
		{BA51834B-3ED5-43C6-B3FB-D387D72732BC}.Release|x64.ActiveCfg = Release|x64
		{BA51834B-3ED5-43C6-B3FB-D387D72732BC}.Release|x64.Build.0 = Release|x64
		{69FD3AF3-E1EE-4158-AADD-C191ABB59D7D}.Debug|x64.ActiveCfg = Debug|x64
		{69FD3AF3-E1EE-4158-AADD-C191ABB59D7D}.Debug|x64.Build.0 = Debug|x64
		{69FD3AF3-E1EE-4158-AADD-C191ABB59D7D}.Release|x64.ActiveCfg = Release|x64
		{69FD3AF3-E1EE-4158-AADD-C191ABB59D7D}.Release|x64.Build.0 = Release|x64
		{F7E8AA52-3E51-4A99-A2FA-29DD57B090A4}.Debug|x64.ActiveCfg = Debug|x64
		{F7E8AA52-3E51-4A99-A2FA-29DD57B090A4}.Debug|x64.Build.0 = Debug|x64
		{F7E8AA52-3E51-4A99-A2FA-29DD57B090A4}.Debug|x64.Deploy.0 = Debug|x64
		{F7E8AA52-3E51-4A99-A2FA-29DD57B090A4}.Release|x64.ActiveCfg = Release|x64
		{F7E8AA52-3E51-4A99-A2FA-29DD57B090A4}.Release|x64.Build.0 = Release|x64
		{F7E8AA52-3E51-4A99-A2FA-29DD57B090A4}.Release|x64.Deploy.0 = Release|x64
		{6A7CFD1D-5746-4E0A-801A-273012F08DC1}.Debug|x64.ActiveCfg = Debug|x64
		{6A7CFD1D-5746-4E0A-801A-273012F08DC1}.Debug|x64.Build.0 = Debug|x64
		{6A7CFD1D-5746-4E0A-801A-273012F08DC1}.Release|x64.ActiveCfg = Release|x64
		{6A7CFD1D-5746-4E0A-801A-273012F08DC1}.Release|x64.Build.0 = Release|x64
		{08CD16E7-D5DF-4CFA-B841-83D5711B3705}.Debug|x64.ActiveCfg = Debug|x64
		{08CD16E7-D5DF-4CFA-B841-83D5711B3705}.Debug|x64.Build.0 = Debug|x64
		{08CD16E7-D5DF-4CFA-B841-83D5711B3705}.Debug|x64.Deploy.0 = Debug|x64
		{08CD16E7-D5DF-4CFA-B841-83D5711B3705}.Release|x64.ActiveCfg = Release|x64
		{08CD16E7-D5DF-4CFA-B841-83D5711B3705}.Release|x64.Build.0 = Release|x64
		{08CD16E7-D5DF-4CFA-B841-83D5711B3705}.Release|x64.Deploy.0 = Release|x64
		{54B74630-9CC6-4E2B-8E3E-AE2C344A0E93}.Debug|x64.ActiveCfg = Debug|x64
		{54B74630-9CC6-4E2B-8E3E-AE2C344A0E93}.Debug|x64.Build.0 = Debug|x64
		{54B74630-9CC6-4E2B-8E3E-AE2C344A0E93}.Release|x64.ActiveCfg = Release|x64
		{54B74630-9CC6-4E2B-8E3E-AE2C344A0E93}.Release|x64.Build.0 = Release|x64
		{CCC708D4-A277-4984-A3BD-913D846C19FD}.Debug|x64.ActiveCfg = Debug|x64
		{CCC708D4-A277-4984-A3BD-913D846C19FD}.Debug|x64.Build.0 = Debug|x64
		{CCC708D4-A277-4984-A3BD-913D846C19FD}.Debug|x64.Deploy.0 = Debug|x64
		{CCC708D4-A277-4984-A3BD-913D846C19FD}.Release|x64.ActiveCfg = Release|x64
		{CCC708D4-A277-4984-A3BD-913D846C19FD}.Release|x64.Build.0 = Release|x64
		{CCC708D4-A277-4984-A3BD-913D846C19FD}.Release|x64.Deploy.0 = Release|x64
		{375594D6-87A6-494C-8BFC-BD0C53D96F41}.Debug|x64.ActiveCfg = Debug|x64
		{375594D6-87A6-494C-8BFC-BD0C53D96F41}.Debug|x64.Build.0 = Debug|x64
		{375594D6-87A6-494C-8BFC-BD0C53D96F41}.Release|x64.ActiveCfg = Release|x64
		{375594D6-87A6-494C-8BFC-BD0C53D96F41}.Release|x64.Build.0 = Release|x64
		{677C93E2-6088-4D49-BF21-1BAD2A6F5BAF}.Debug|x64.ActiveCfg = Debug|x64
		{677C93E2-6088-4D49-BF21-1BAD2A6F5BAF}.Debug|x64.Build.0 = Debug|x64
		{677C93E2-6088-4D49-BF21-1BAD2A6F5BAF}.Debug|x64.Deploy.0 = Debug|x64
		{677C93E2-6088-4D49-BF21-1BAD2A6F5BAF}.Release|x64.ActiveCfg = Release|x64
		{677C93E2-6088-4D49-BF21-1BAD2A6F5BAF}.Release|x64.Build.0 = Release|x64
		{677C93E2-6088-4D49-BF21-1BAD2A6F5BAF}.Release|x64.Deploy.0 = Release|x64
		{E7D8F7CC-E5CA-43F1-9CFF-61FDB67E24DD}.Debug|x64.ActiveCfg = Debug|x64
		{E7D8F7CC-E5CA-43F1-9CFF-61FDB67E24DD}.Debug|x64.Build.0 = Debug|x64
		{E7D8F7CC-E5CA-43F1-9CFF-61FDB67E24DD}.Release|x64.ActiveCfg = Release|x64
		{E7D8F7CC-E5CA-43F1-9CFF-61FDB67E24DD}.Release|x64.Build.0 = Release|x64
		{18565709-9819-4F6F-8D6E-87D3BCEA349E}.Debug|x64.ActiveCfg = Debug|x64
		{18565709-9819-4F6F-8D6E-87D3BCEA349E}.Debug|x64.Build.0 = Debug|x64
		{18565709-9819-4F6F-8D6E-87D3BCEA349E}.Release|x64.ActiveCfg = Release|x64
		{18565709-9819-4F6F-8D6E-87D3BCEA349E}.Release|x64.Build.0 = Release|x64
		{C10C111B-F080-4301-BD76-F344372ECC1A}.Debug|x64.ActiveCfg = Debug|x64
		{C10C111B-F080-4301-BD76-F344372ECC1A}.Debug|x64.Build.0 = Debug|x64
		{C10C111B-F080-4301-BD76-F344372ECC1A}.Release|x64.ActiveCfg = Release|x64
		{C10C111B-F080-4301-BD76-F344372ECC1A}.Release|x64.Build.0 = Release|x64
		{21B78475-D4A1-4D0F-AF0B-068D2CC4902F}.Debug|x64.ActiveCfg = Debug|x64
		{21B78475-D4A1-4D0F-AF0B-068D2CC4902F}.Debug|x64.Build.0 = Debug|x64
		{21B78475-D4A1-4D0F-AF0B-068D2CC4902F}.Release|x64.ActiveCfg = Release|x64
		{21B78475-D4A1-4D0F-AF0B-068D2CC4902F}.Release|x64.Build.0 = Release|x64
		{C08434F0-3592-4780-B7B2-175C5858A34B}.Debug|x64.ActiveCfg = Debug|x64
		{C08434F0-3592-4780-B7B2-175C5858A34B}.Debug|x64.Build.0 = Debug|x64
		{C08434F0-3592-4780-B7B2-175C5858A34B}.Release|x64.ActiveCfg = Release|x64
		{C08434F0-3592-4780-B7B2-175C5858A34B}.Release|x64.Build.0 = Release|x64
		{638DEFEC-97AF-4069-A640-120D6FBE3804}.Debug|x64.ActiveCfg = Debug|x64
		{638DEFEC-97AF-4069-A640-120D6FBE3804}.Debug|x64.Build.0 = Debug|x64
		{638DEFEC-97AF-4069-A640-120D6FBE3804}.Release|x64.ActiveCfg = Release|x64
		{638DEFEC-97AF-4069-A640-120D6FBE3804}.Release|x64.Build.0 = Release|x64
		{51C88FA3-C0A1-4A08-B9F5-EEB24365337E}.Debug|x64.ActiveCfg = Debug|x64
		{51C88FA3-C0A1-4A08-B9F5-EEB24365337E}.Debug|x64.Build.0 = Debug|x64
		{51C88FA3-C0A1-4A08-B9F5-EEB24365337E}.Debug|x64.Deploy.0 = Debug|x64
		{51C88FA3-C0A1-4A08-B9F5-EEB24365337E}.Release|x64.ActiveCfg = Release|x64
		{51C88FA3-C0A1-4A08-B9F5-EEB24365337E}.Release|x64.Build.0 = Release|x64
		{51C88FA3-C0A1-4A08-B9F5-EEB24365337E}.Release|x64.Deploy.0 = Release|x64
		{D9116234-C189-4235-B30F-241C21961081}.Debug|x64.ActiveCfg = Debug|x64
		{D9116234-C189-4235-B30F-241C21961081}.Debug|x64.Build.0 = Debug|x64
		{D9116234-C189-4235-B30F-241C21961081}.Release|x64.ActiveCfg = Release|x64
		{D9116234-C189-4235-B30F-241C21961081}.Release|x64.Build.0 = Release|x64
		{03D4A5B0-3EE4-4350-886E-BD856008DC5E}.Debug|x64.ActiveCfg = Debug|x64
		{03D4A5B0-3EE4-4350-886E-BD856008DC5E}.Debug|x64.Build.0 = Debug|x64
		{03D4A5B0-3EE4-4350-886E-BD856008DC5E}.Release|x64.ActiveCfg = Release|x64
		{03D4A5B0-3EE4-4350-886E-BD856008DC5E}.Release|x64.Build.0 = Release|x64
		{69399D51-9023-4310-AD2E-23A3852F2982}.Debug|x64.ActiveCfg = Debug|x64
		{69399D51-9023-4310-AD2E-23A3852F2982}.Debug|x64.Build.0 = Debug|x64
		{69399D51-9023-4310-AD2E-23A3852F2982}.Debug|x64.Deploy.0 = Debug|x64
		{69399D51-9023-4310-AD2E-23A3852F2982}.Release|x64.ActiveCfg = Release|x64
		{69399D51-9023-4310-AD2E-23A3852F2982}.Release|x64.Build.0 = Release|x64
		{69399D51-9023-4310-AD2E-23A3852F2982}.Release|x64.Deploy.0 = Release|x64
		{383495C2-250D-47C4-8235-CFF111B00316}.Debug|x64.ActiveCfg = Debug|x64
		{383495C2-250D-47C4-8235-CFF111B00316}.Debug|x64.Build.0 = Debug|x64
		{383495C2-250D-47C4-8235-CFF111B00316}.Release|x64.ActiveCfg = Release|x64
		{383495C2-250D-47C4-8235-CFF111B00316}.Release|x64.Build.0 = Release|x64
	EndGlobalSection
	GlobalSection(SolutionProperties) = preSolution
		HideSolutionNode = FALSE
	EndGlobalSection
	GlobalSection(NestedProjects) = preSolution
		{495273CE-50A9-46E0-B435-A85E278C610A} = {E2697F9D-9050-438F-8F82-B6FC0D948A68}
		{BA51834B-3ED5-43C6-B3FB-D387D72732BC} = {E2697F9D-9050-438F-8F82-B6FC0D948A68}
		{69FD3AF3-E1EE-4158-AADD-C191ABB59D7D} = {E2697F9D-9050-438F-8F82-B6FC0D948A68}
		{F7E8AA52-3E51-4A99-A2FA-29DD57B090A4} = {1DFC71FD-1AAF-4DFC-B2AE-77D2FD14AB63}
		{6A7CFD1D-5746-4E0A-801A-273012F08DC1} = {1DFC71FD-1AAF-4DFC-B2AE-77D2FD14AB63}
		{08CD16E7-D5DF-4CFA-B841-83D5711B3705} = {7FAFDEF8-E940-4AF3-BE6D-4D8837AB5532}
		{54B74630-9CC6-4E2B-8E3E-AE2C344A0E93} = {7FAFDEF8-E940-4AF3-BE6D-4D8837AB5532}
		{CCC708D4-A277-4984-A3BD-913D846C19FD} = {EC17B2E5-25C5-448C-9666-38CD1237AD4E}
		{375594D6-87A6-494C-8BFC-BD0C53D96F41} = {EC17B2E5-25C5-448C-9666-38CD1237AD4E}
		{677C93E2-6088-4D49-BF21-1BAD2A6F5BAF} = {AC513EE0-5935-4578-A7E9-4BE5D28F3843}
		{E7D8F7CC-E5CA-43F1-9CFF-61FDB67E24DD} = {AC513EE0-5935-4578-A7E9-4BE5D28F3843}
		{18565709-9819-4F6F-8D6E-87D3BCEA349E} = {AC513EE0-5935-4578-A7E9-4BE5D28F3843}
		{C10C111B-F080-4301-BD76-F344372ECC1A} = {AC513EE0-5935-4578-A7E9-4BE5D28F3843}
		{21B78475-D4A1-4D0F-AF0B-068D2CC4902F} = {AC513EE0-5935-4578-A7E9-4BE5D28F3843}
		{C08434F0-3592-4780-B7B2-175C5858A34B} = {AC513EE0-5935-4578-A7E9-4BE5D28F3843}
		{638DEFEC-97AF-4069-A640-120D6FBE3804} = {AC513EE0-5935-4578-A7E9-4BE5D28F3843}
		{51C88FA3-C0A1-4A08-B9F5-EEB24365337E} = {FB453109-CE17-416D-9F52-5FD8B244D3AC}
		{D9116234-C189-4235-B30F-241C21961081} = {FB453109-CE17-416D-9F52-5FD8B244D3AC}
		{03D4A5B0-3EE4-4350-886E-BD856008DC5E} = {7E93F627-83DB-47ED-B5F4-451B281B647B}
		{69399D51-9023-4310-AD2E-23A3852F2982} = {7E93F627-83DB-47ED-B5F4-451B281B647B}
		{383495C2-250D-47C4-8235-CFF111B00316} = {7E93F627-83DB-47ED-B5F4-451B281B647B}
	EndGlobalSection
	GlobalSection(ExtensibilityGlobals) = postSolution
		SolutionGuid = {9BA0A7AB-B397-47AC-8565-5B92DFE0E1D9}
	EndGlobalSection
EndGlobal
